
Microsoft Visual Studio Solution File, Format Version 12.00
# Visual Studio Version 16
VisualStudioVersion = 16.0.810.25
MinimumVisualStudioVersion = 10.0.40219.1
Project("{FAE04EC0-301F-11D3-BF4B-00C04F79EFBC}") = "Basic_Tests", "Basic_Tests\Basic_Tests.csproj", "{0B2038D4-DB78-4481-9C43-9AF3082E6C7C}"
EndProject
Global
	GlobalSection(SolutionConfigurationPlatforms) = preSolution
		Debug|Any CPU = Debug|Any CPU
		Release|Any CPU = Release|Any CPU
	EndGlobalSection
	GlobalSection(ProjectConfigurationPlatforms) = postSolution
		{0B2038D4-DB78-4481-9C43-9AF3082E6C7C}.Debug|Any CPU.ActiveCfg = Debug|Any CPU
		{0B2038D4-DB78-4481-9C43-9AF3082E6C7C}.Debug|Any CPU.Build.0 = Debug|Any CPU
		{0B2038D4-DB78-4481-9C43-9AF3082E6C7C}.Release|Any CPU.ActiveCfg = Release|Any CPU
		{0B2038D4-DB78-4481-9C43-9AF3082E6C7C}.Release|Any CPU.Build.0 = Release|Any CPU
	EndGlobalSection
	GlobalSection(SolutionProperties) = preSolution
		HideSolutionNode = FALSE
	EndGlobalSection
	GlobalSection(ExtensibilityGlobals) = postSolution
		SolutionGuid = {BF001D89-8CFC-4622-9BA3-0AAFFB533547}
	EndGlobalSection
EndGlobal
